
Microsoft Visual Studio Solution File, Format Version 12.00
# Visual Studio 14
VisualStudioVersion = 14.0.25420.1
MinimumVisualStudioVersion = 10.0.40219.1
Project("{FAE04EC0-301F-11D3-BF4B-00C04F79EFBC}") = "IdentityAuthServer", "IdentityAuthServer\IdentityAuthServer.csproj", "{F22C902C-6DF7-4D81-9AA8-AD755EDCB88B}"
EndProject
Project("{FAE04EC0-301F-11D3-BF4B-00C04F79EFBC}") = "IdentityServer.Client.MVC", "IdentityServer.Client.MVC\IdentityServer.Client.MVC.csproj", "{3CD1A2E9-5CCD-47AE-B72E-34BFF1CC3A39}"
EndProject
Project("{FAE04EC0-301F-11D3-BF4B-00C04F79EFBC}") = "IdentityServer.Client.API", "IdentityServer.Client.API\IdentityServer.Client.API.csproj", "{6B836141-75C7-4217-BAAB-E59D4B997DFF}"
EndProject
Global
	GlobalSection(SolutionConfigurationPlatforms) = preSolution
		Debug|Any CPU = Debug|Any CPU
		Release|Any CPU = Release|Any CPU
	EndGlobalSection
	GlobalSection(ProjectConfigurationPlatforms) = postSolution
		{F22C902C-6DF7-4D81-9AA8-AD755EDCB88B}.Debug|Any CPU.ActiveCfg = Debug|Any CPU
		{F22C902C-6DF7-4D81-9AA8-AD755EDCB88B}.Debug|Any CPU.Build.0 = Debug|Any CPU
		{F22C902C-6DF7-4D81-9AA8-AD755EDCB88B}.Release|Any CPU.ActiveCfg = Release|Any CPU
		{F22C902C-6DF7-4D81-9AA8-AD755EDCB88B}.Release|Any CPU.Build.0 = Release|Any CPU
		{3CD1A2E9-5CCD-47AE-B72E-34BFF1CC3A39}.Debug|Any CPU.ActiveCfg = Debug|Any CPU
		{3CD1A2E9-5CCD-47AE-B72E-34BFF1CC3A39}.Debug|Any CPU.Build.0 = Debug|Any CPU
		{3CD1A2E9-5CCD-47AE-B72E-34BFF1CC3A39}.Release|Any CPU.ActiveCfg = Release|Any CPU
		{3CD1A2E9-5CCD-47AE-B72E-34BFF1CC3A39}.Release|Any CPU.Build.0 = Release|Any CPU
		{6B836141-75C7-4217-BAAB-E59D4B997DFF}.Debug|Any CPU.ActiveCfg = Debug|Any CPU
		{6B836141-75C7-4217-BAAB-E59D4B997DFF}.Debug|Any CPU.Build.0 = Debug|Any CPU
		{6B836141-75C7-4217-BAAB-E59D4B997DFF}.Release|Any CPU.ActiveCfg = Release|Any CPU
		{6B836141-75C7-4217-BAAB-E59D4B997DFF}.Release|Any CPU.Build.0 = Release|Any CPU
	EndGlobalSection
	GlobalSection(SolutionProperties) = preSolution
		HideSolutionNode = FALSE
	EndGlobalSection	
EndGlobal
